// !$*UTF8*$!
{
	archiveVersion = 1;
	classes = {
	};
	objectVersion = 55;
	objects = {

/* Begin PBXBuildFile section */
		0EA4920D27F8CF69004ED7A7 /* PulsarMath.swift in Sources */ = {isa = PBXBuildFile; fileRef = 0EA4920C27F8CF69004ED7A7 /* PulsarMath.swift */; };
		0EA4920F27F99F59004ED7A7 /* StartView.swift in Sources */ = {isa = PBXBuildFile; fileRef = 0EA4920E27F99F59004ED7A7 /* StartView.swift */; };
		0EA4921127F9F7A5004ED7A7 /* PulsarViews.swift in Sources */ = {isa = PBXBuildFile; fileRef = 0EA4921027F9F7A5004ED7A7 /* PulsarViews.swift */; };
		0EF8359E27FC26AE001849DA /* AnswerModel.swift in Sources */ = {isa = PBXBuildFile; fileRef = 0EF8359D27FC26AE001849DA /* AnswerModel.swift */; };
		0EF835A027FC2744001849DA /* QuizModel.swift in Sources */ = {isa = PBXBuildFile; fileRef = 0EF8359F27FC2744001849DA /* QuizModel.swift */; };
		0EF835A227FC2A38001849DA /* ViewModel.swift in Sources */ = {isa = PBXBuildFile; fileRef = 0EF835A127FC2A38001849DA /* ViewModel.swift */; };
		0EFEE74D27F3226D004A4639 /* ThreeOfUsApp.swift in Sources */ = {isa = PBXBuildFile; fileRef = 0EFEE74C27F3226D004A4639 /* ThreeOfUsApp.swift */; };
		0EFEE74F27F3226D004A4639 /* ContentView.swift in Sources */ = {isa = PBXBuildFile; fileRef = 0EFEE74E27F3226D004A4639 /* ContentView.swift */; };
		0EFEE75127F3226F004A4639 /* Assets.xcassets in Resources */ = {isa = PBXBuildFile; fileRef = 0EFEE75027F3226F004A4639 /* Assets.xcassets */; };
		0EFEE75427F3226F004A4639 /* Preview Assets.xcassets in Resources */ = {isa = PBXBuildFile; fileRef = 0EFEE75327F3226F004A4639 /* Preview Assets.xcassets */; };
		0EFEE75627F3226F004A4639 /* Persistence.swift in Sources */ = {isa = PBXBuildFile; fileRef = 0EFEE75527F3226F004A4639 /* Persistence.swift */; };
		0EFEE75927F3226F004A4639 /* ThreeOfUs.xcdatamodeld in Sources */ = {isa = PBXBuildFile; fileRef = 0EFEE75727F3226F004A4639 /* ThreeOfUs.xcdatamodeld */; };
		0EFEE76127F3324E004A4639 /* PulsarStyle.swift in Sources */ = {isa = PBXBuildFile; fileRef = 0EFEE76027F3324E004A4639 /* PulsarStyle.swift */; };
		0EFEE76327F51AAE004A4639 /* Notes.swift in Sources */ = {isa = PBXBuildFile; fileRef = 0EFEE76227F51AAE004A4639 /* Notes.swift */; };
/* End PBXBuildFile section */

/* Begin PBXFileReference section */
		0EA4920C27F8CF69004ED7A7 /* PulsarMath.swift */ = {isa = PBXFileReference; lastKnownFileType = sourcecode.swift; path = PulsarMath.swift; sourceTree = "<group>"; };
		0EA4920E27F99F59004ED7A7 /* StartView.swift */ = {isa = PBXFileReference; lastKnownFileType = sourcecode.swift; path = StartView.swift; sourceTree = "<group>"; };
		0EA4921027F9F7A5004ED7A7 /* PulsarViews.swift */ = {isa = PBXFileReference; lastKnownFileType = sourcecode.swift; path = PulsarViews.swift; sourceTree = "<group>"; };
		0EF8359D27FC26AE001849DA /* AnswerModel.swift */ = {isa = PBXFileReference; lastKnownFileType = sourcecode.swift; path = AnswerModel.swift; sourceTree = "<group>"; };
		0EF8359F27FC2744001849DA /* QuizModel.swift */ = {isa = PBXFileReference; lastKnownFileType = sourcecode.swift; path = QuizModel.swift; sourceTree = "<group>"; };
		0EF835A127FC2A38001849DA /* ViewModel.swift */ = {isa = PBXFileReference; lastKnownFileType = sourcecode.swift; path = ViewModel.swift; sourceTree = "<group>"; };
		0EFEE74927F3226D004A4639 /* ThreeOfUs.app */ = {isa = PBXFileReference; explicitFileType = wrapper.application; includeInIndex = 0; path = ThreeOfUs.app; sourceTree = BUILT_PRODUCTS_DIR; };
		0EFEE74C27F3226D004A4639 /* ThreeOfUsApp.swift */ = {isa = PBXFileReference; lastKnownFileType = sourcecode.swift; path = ThreeOfUsApp.swift; sourceTree = "<group>"; };
		0EFEE74E27F3226D004A4639 /* ContentView.swift */ = {isa = PBXFileReference; lastKnownFileType = sourcecode.swift; path = ContentView.swift; sourceTree = "<group>"; };
		0EFEE75027F3226F004A4639 /* Assets.xcassets */ = {isa = PBXFileReference; lastKnownFileType = folder.assetcatalog; path = Assets.xcassets; sourceTree = "<group>"; };
		0EFEE75327F3226F004A4639 /* Preview Assets.xcassets */ = {isa = PBXFileReference; lastKnownFileType = folder.assetcatalog; path = "Preview Assets.xcassets"; sourceTree = "<group>"; };
		0EFEE75527F3226F004A4639 /* Persistence.swift */ = {isa = PBXFileReference; lastKnownFileType = sourcecode.swift; path = Persistence.swift; sourceTree = "<group>"; };
		0EFEE75827F3226F004A4639 /* ThreeOfUs.xcdatamodel */ = {isa = PBXFileReference; lastKnownFileType = wrapper.xcdatamodel; path = ThreeOfUs.xcdatamodel; sourceTree = "<group>"; };
		0EFEE76027F3324E004A4639 /* PulsarStyle.swift */ = {isa = PBXFileReference; fileEncoding = 4; lastKnownFileType = sourcecode.swift; path = PulsarStyle.swift; sourceTree = "<group>"; };
		0EFEE76227F51AAE004A4639 /* Notes.swift */ = {isa = PBXFileReference; lastKnownFileType = sourcecode.swift; path = Notes.swift; sourceTree = "<group>"; };
/* End PBXFileReference section */

/* Begin PBXFrameworksBuildPhase section */
		0EFEE74627F3226D004A4639 /* Frameworks */ = {
			isa = PBXFrameworksBuildPhase;
			buildActionMask = 2147483647;
			files = (
			);
			runOnlyForDeploymentPostprocessing = 0;
		};
/* End PBXFrameworksBuildPhase section */

/* Begin PBXGroup section */
		0EF8359A27FC263B001849DA /* Model */ = {
			isa = PBXGroup;
			children = (
				0EF8359D27FC26AE001849DA /* AnswerModel.swift */,
				0EF8359F27FC2744001849DA /* QuizModel.swift */,
			);
			path = Model;
			sourceTree = "<group>";
		};
		0EF8359B27FC2657001849DA /* View */ = {
			isa = PBXGroup;
			children = (
			);
			path = View;
			sourceTree = "<group>";
		};
		0EF8359C27FC2667001849DA /* ViewModel */ = {
			isa = PBXGroup;
			children = (
				0EF835A127FC2A38001849DA /* ViewModel.swift */,
			);
			path = ViewModel;
			sourceTree = "<group>";
		};
		0EFEE74027F3226D004A4639 = {
			isa = PBXGroup;
			children = (
				0EFEE74B27F3226D004A4639 /* ThreeOfUs */,
				0EFEE74A27F3226D004A4639 /* Products */,
			);
			sourceTree = "<group>";
		};
		0EFEE74A27F3226D004A4639 /* Products */ = {
			isa = PBXGroup;
			children = (
				0EFEE74927F3226D004A4639 /* ThreeOfUs.app */,
			);
			name = Products;
			sourceTree = "<group>";
		};
		0EFEE74B27F3226D004A4639 /* ThreeOfUs */ = {
			isa = PBXGroup;
			children = (
				0EF8359C27FC2667001849DA /* ViewModel */,
				0EF8359B27FC2657001849DA /* View */,
				0EF8359A27FC263B001849DA /* Model */,
				0EFEE75F27F33041004A4639 /* Pulsar */,
				0EFEE74C27F3226D004A4639 /* ThreeOfUsApp.swift */,
				0EFEE74E27F3226D004A4639 /* ContentView.swift */,
				0EA4920E27F99F59004ED7A7 /* StartView.swift */,
				0EFEE75027F3226F004A4639 /* Assets.xcassets */,
				0EFEE75527F3226F004A4639 /* Persistence.swift */,
				0EFEE75727F3226F004A4639 /* ThreeOfUs.xcdatamodeld */,
				0EFEE75227F3226F004A4639 /* Preview Content */,
			);
			path = ThreeOfUs;
			sourceTree = "<group>";
		};
		0EFEE75227F3226F004A4639 /* Preview Content */ = {
			isa = PBXGroup;
			children = (
				0EFEE75327F3226F004A4639 /* Preview Assets.xcassets */,
			);
			path = "Preview Content";
			sourceTree = "<group>";
		};
		0EFEE75F27F33041004A4639 /* Pulsar */ = {
			isa = PBXGroup;
			children = (
				0EFEE76027F3324E004A4639 /* PulsarStyle.swift */,
				0EFEE76227F51AAE004A4639 /* Notes.swift */,
				0EA4920C27F8CF69004ED7A7 /* PulsarMath.swift */,
				0EA4921027F9F7A5004ED7A7 /* PulsarViews.swift */,
			);
			path = Pulsar;
			sourceTree = "<group>";
		};
/* End PBXGroup section */

/* Begin PBXNativeTarget section */
		0EFEE74827F3226D004A4639 /* ThreeOfUs */ = {
			isa = PBXNativeTarget;
			buildConfigurationList = 0EFEE75C27F3226F004A4639 /* Build configuration list for PBXNativeTarget "ThreeOfUs" */;
			buildPhases = (
				0EFEE74527F3226D004A4639 /* Sources */,
				0EFEE74627F3226D004A4639 /* Frameworks */,
				0EFEE74727F3226D004A4639 /* Resources */,
			);
			buildRules = (
			);
			dependencies = (
			);
			name = ThreeOfUs;
			productName = ThreeOfUs;
			productReference = 0EFEE74927F3226D004A4639 /* ThreeOfUs.app */;
			productType = "com.apple.product-type.application";
		};
/* End PBXNativeTarget section */

/* Begin PBXProject section */
		0EFEE74127F3226D004A4639 /* Project object */ = {
			isa = PBXProject;
			attributes = {
				BuildIndependentTargetsInParallel = 1;
				LastSwiftUpdateCheck = 1320;
				LastUpgradeCheck = 1320;
				TargetAttributes = {
					0EFEE74827F3226D004A4639 = {
						CreatedOnToolsVersion = 13.2.1;
					};
				};
			};
			buildConfigurationList = 0EFEE74427F3226D004A4639 /* Build configuration list for PBXProject "ThreeOfUs" */;
			compatibilityVersion = "Xcode 13.0";
			developmentRegion = en;
			hasScannedForEncodings = 0;
			knownRegions = (
				en,
				Base,
			);
			mainGroup = 0EFEE74027F3226D004A4639;
			productRefGroup = 0EFEE74A27F3226D004A4639 /* Products */;
			projectDirPath = "";
			projectRoot = "";
			targets = (
				0EFEE74827F3226D004A4639 /* ThreeOfUs */,
			);
		};
/* End PBXProject section */

/* Begin PBXResourcesBuildPhase section */
		0EFEE74727F3226D004A4639 /* Resources */ = {
			isa = PBXResourcesBuildPhase;
			buildActionMask = 2147483647;
			files = (
				0EFEE75427F3226F004A4639 /* Preview Assets.xcassets in Resources */,
				0EFEE75127F3226F004A4639 /* Assets.xcassets in Resources */,
			);
			runOnlyForDeploymentPostprocessing = 0;
		};
/* End PBXResourcesBuildPhase section */

/* Begin PBXSourcesBuildPhase section */
		0EFEE74527F3226D004A4639 /* Sources */ = {
			isa = PBXSourcesBuildPhase;
			buildActionMask = 2147483647;
			files = (
				0EA4920D27F8CF69004ED7A7 /* PulsarMath.swift in Sources */,
				0EFEE76127F3324E004A4639 /* PulsarStyle.swift in Sources */,
				0EFEE75627F3226F004A4639 /* Persistence.swift in Sources */,
				0EA4920F27F99F59004ED7A7 /* StartView.swift in Sources */,
				0EFEE74F27F3226D004A4639 /* ContentView.swift in Sources */,
				0EF8359E27FC26AE001849DA /* AnswerModel.swift in Sources */,
				0EFEE74D27F3226D004A4639 /* ThreeOfUsApp.swift in Sources */,
				0EF835A027FC2744001849DA /* QuizModel.swift in Sources */,
				0EFEE75927F3226F004A4639 /* ThreeOfUs.xcdatamodeld in Sources */,
				0EFEE76327F51AAE004A4639 /* Notes.swift in Sources */,
				0EF835A227FC2A38001849DA /* ViewModel.swift in Sources */,
				0EA4921127F9F7A5004ED7A7 /* PulsarViews.swift in Sources */,
			);
			runOnlyForDeploymentPostprocessing = 0;
		};
/* End PBXSourcesBuildPhase section */

/* Begin XCBuildConfiguration section */
		0EFEE75A27F3226F004A4639 /* Debug */ = {
			isa = XCBuildConfiguration;
			buildSettings = {
				ALWAYS_SEARCH_USER_PATHS = NO;
				CLANG_ANALYZER_NONNULL = YES;
				CLANG_ANALYZER_NUMBER_OBJECT_CONVERSION = YES_AGGRESSIVE;
				CLANG_CXX_LANGUAGE_STANDARD = "gnu++17";
				CLANG_CXX_LIBRARY = "libc++";
				CLANG_ENABLE_MODULES = YES;
				CLANG_ENABLE_OBJC_ARC = YES;
				CLANG_ENABLE_OBJC_WEAK = YES;
				CLANG_WARN_BLOCK_CAPTURE_AUTORELEASING = YES;
				CLANG_WARN_BOOL_CONVERSION = YES;
				CLANG_WARN_COMMA = YES;
				CLANG_WARN_CONSTANT_CONVERSION = YES;
				CLANG_WARN_DEPRECATED_OBJC_IMPLEMENTATIONS = YES;
				CLANG_WARN_DIRECT_OBJC_ISA_USAGE = YES_ERROR;
				CLANG_WARN_DOCUMENTATION_COMMENTS = YES;
				CLANG_WARN_EMPTY_BODY = YES;
				CLANG_WARN_ENUM_CONVERSION = YES;
				CLANG_WARN_INFINITE_RECURSION = YES;
				CLANG_WARN_INT_CONVERSION = YES;
				CLANG_WARN_NON_LITERAL_NULL_CONVERSION = YES;
				CLANG_WARN_OBJC_IMPLICIT_RETAIN_SELF = YES;
				CLANG_WARN_OBJC_LITERAL_CONVERSION = YES;
				CLANG_WARN_OBJC_ROOT_CLASS = YES_ERROR;
				CLANG_WARN_QUOTED_INCLUDE_IN_FRAMEWORK_HEADER = YES;
				CLANG_WARN_RANGE_LOOP_ANALYSIS = YES;
				CLANG_WARN_STRICT_PROTOTYPES = YES;
				CLANG_WARN_SUSPICIOUS_MOVE = YES;
				CLANG_WARN_UNGUARDED_AVAILABILITY = YES_AGGRESSIVE;
				CLANG_WARN_UNREACHABLE_CODE = YES;
				CLANG_WARN__DUPLICATE_METHOD_MATCH = YES;
				COPY_PHASE_STRIP = NO;
				DEBUG_INFORMATION_FORMAT = dwarf;
				ENABLE_STRICT_OBJC_MSGSEND = YES;
				ENABLE_TESTABILITY = YES;
				GCC_C_LANGUAGE_STANDARD = gnu11;
				GCC_DYNAMIC_NO_PIC = NO;
				GCC_NO_COMMON_BLOCKS = YES;
				GCC_OPTIMIZATION_LEVEL = 0;
				GCC_PREPROCESSOR_DEFINITIONS = (
					"DEBUG=1",
					"$(inherited)",
				);
				GCC_WARN_64_TO_32_BIT_CONVERSION = YES;
				GCC_WARN_ABOUT_RETURN_TYPE = YES_ERROR;
				GCC_WARN_UNDECLARED_SELECTOR = YES;
				GCC_WARN_UNINITIALIZED_AUTOS = YES_AGGRESSIVE;
				GCC_WARN_UNUSED_FUNCTION = YES;
				GCC_WARN_UNUSED_VARIABLE = YES;
				IPHONEOS_DEPLOYMENT_TARGET = 15.2;
				MTL_ENABLE_DEBUG_INFO = INCLUDE_SOURCE;
				MTL_FAST_MATH = YES;
				ONLY_ACTIVE_ARCH = YES;
				SDKROOT = iphoneos;
				SWIFT_ACTIVE_COMPILATION_CONDITIONS = DEBUG;
				SWIFT_OPTIMIZATION_LEVEL = "-Onone";
			};
			name = Debug;
		};
		0EFEE75B27F3226F004A4639 /* Release */ = {
			isa = XCBuildConfiguration;
			buildSettings = {
				ALWAYS_SEARCH_USER_PATHS = NO;
				CLANG_ANALYZER_NONNULL = YES;
				CLANG_ANALYZER_NUMBER_OBJECT_CONVERSION = YES_AGGRESSIVE;
				CLANG_CXX_LANGUAGE_STANDARD = "gnu++17";
				CLANG_CXX_LIBRARY = "libc++";
				CLANG_ENABLE_MODULES = YES;
				CLANG_ENABLE_OBJC_ARC = YES;
				CLANG_ENABLE_OBJC_WEAK = YES;
				CLANG_WARN_BLOCK_CAPTURE_AUTORELEASING = YES;
				CLANG_WARN_BOOL_CONVERSION = YES;
				CLANG_WARN_COMMA = YES;
				CLANG_WARN_CONSTANT_CONVERSION = YES;
				CLANG_WARN_DEPRECATED_OBJC_IMPLEMENTATIONS = YES;
				CLANG_WARN_DIRECT_OBJC_ISA_USAGE = YES_ERROR;
				CLANG_WARN_DOCUMENTATION_COMMENTS = YES;
				CLANG_WARN_EMPTY_BODY = YES;
				CLANG_WARN_ENUM_CONVERSION = YES;
				CLANG_WARN_INFINITE_RECURSION = YES;
				CLANG_WARN_INT_CONVERSION = YES;
				CLANG_WARN_NON_LITERAL_NULL_CONVERSION = YES;
				CLANG_WARN_OBJC_IMPLICIT_RETAIN_SELF = YES;
				CLANG_WARN_OBJC_LITERAL_CONVERSION = YES;
				CLANG_WARN_OBJC_ROOT_CLASS = YES_ERROR;
				CLANG_WARN_QUOTED_INCLUDE_IN_FRAMEWORK_HEADER = YES;
				CLANG_WARN_RANGE_LOOP_ANALYSIS = YES;
				CLANG_WARN_STRICT_PROTOTYPES = YES;
				CLANG_WARN_SUSPICIOUS_MOVE = YES;
				CLANG_WARN_UNGUARDED_AVAILABILITY = YES_AGGRESSIVE;
				CLANG_WARN_UNREACHABLE_CODE = YES;
				CLANG_WARN__DUPLICATE_METHOD_MATCH = YES;
				COPY_PHASE_STRIP = NO;
				DEBUG_INFORMATION_FORMAT = "dwarf-with-dsym";
				ENABLE_NS_ASSERTIONS = NO;
				ENABLE_STRICT_OBJC_MSGSEND = YES;
				GCC_C_LANGUAGE_STANDARD = gnu11;
				GCC_NO_COMMON_BLOCKS = YES;
				GCC_WARN_64_TO_32_BIT_CONVERSION = YES;
				GCC_WARN_ABOUT_RETURN_TYPE = YES_ERROR;
				GCC_WARN_UNDECLARED_SELECTOR = YES;
				GCC_WARN_UNINITIALIZED_AUTOS = YES_AGGRESSIVE;
				GCC_WARN_UNUSED_FUNCTION = YES;
				GCC_WARN_UNUSED_VARIABLE = YES;
				IPHONEOS_DEPLOYMENT_TARGET = 15.2;
				MTL_ENABLE_DEBUG_INFO = NO;
				MTL_FAST_MATH = YES;
				SDKROOT = iphoneos;
				SWIFT_COMPILATION_MODE = wholemodule;
				SWIFT_OPTIMIZATION_LEVEL = "-O";
				VALIDATE_PRODUCT = YES;
			};
			name = Release;
		};
		0EFEE75D27F3226F004A4639 /* Debug */ = {
			isa = XCBuildConfiguration;
			buildSettings = {
				ASSETCATALOG_COMPILER_APPICON_NAME = AppIcon;
				ASSETCATALOG_COMPILER_GLOBAL_ACCENT_COLOR_NAME = AccentColor;
				CODE_SIGN_STYLE = Automatic;
				CURRENT_PROJECT_VERSION = 1;
				DEVELOPMENT_ASSET_PATHS = "\"ThreeOfUs/Preview Content\"";
				DEVELOPMENT_TEAM = SGPJ97426F;
				ENABLE_PREVIEWS = YES;
				GENERATE_INFOPLIST_FILE = YES;
				INFOPLIST_KEY_UIApplicationSceneManifest_Generation = YES;
				INFOPLIST_KEY_UIApplicationSupportsIndirectInputEvents = YES;
				INFOPLIST_KEY_UILaunchScreen_Generation = YES;
				INFOPLIST_KEY_UISupportedInterfaceOrientations_iPad = "UIInterfaceOrientationPortrait UIInterfaceOrientationPortraitUpsideDown UIInterfaceOrientationLandscapeLeft UIInterfaceOrientationLandscapeRight";
				INFOPLIST_KEY_UISupportedInterfaceOrientations_iPhone = "UIInterfaceOrientationPortrait UIInterfaceOrientationLandscapeLeft UIInterfaceOrientationLandscapeRight";
				LD_RUNPATH_SEARCH_PATHS = (
					"$(inherited)",
					"@executable_path/Frameworks",
				);
				MARKETING_VERSION = 1.0;
				PRODUCT_BUNDLE_IDENTIFIER = eu.pulsarmedian.ThreeOfUs;
				PRODUCT_NAME = "$(TARGET_NAME)";
				SWIFT_EMIT_LOC_STRINGS = YES;
				SWIFT_VERSION = 5.0;
				TARGETED_DEVICE_FAMILY = "1,2";
			};
			name = Debug;
		};
		0EFEE75E27F3226F004A4639 /* Release */ = {
			isa = XCBuildConfiguration;
			buildSettings = {
				ASSETCATALOG_COMPILER_APPICON_NAME = AppIcon;
				ASSETCATALOG_COMPILER_GLOBAL_ACCENT_COLOR_NAME = AccentColor;
				CODE_SIGN_STYLE = Automatic;
				CURRENT_PROJECT_VERSION = 1;
				DEVELOPMENT_ASSET_PATHS = "\"ThreeOfUs/Preview Content\"";
				DEVELOPMENT_TEAM = SGPJ97426F;
				ENABLE_PREVIEWS = YES;
				GENERATE_INFOPLIST_FILE = YES;
				INFOPLIST_KEY_UIApplicationSceneManifest_Generation = YES;
				INFOPLIST_KEY_UIApplicationSupportsIndirectInputEvents = YES;
				INFOPLIST_KEY_UILaunchScreen_Generation = YES;
				INFOPLIST_KEY_UISupportedInterfaceOrientations_iPad = "UIInterfaceOrientationPortrait UIInterfaceOrientationPortraitUpsideDown UIInterfaceOrientationLandscapeLeft UIInterfaceOrientationLandscapeRight";
				INFOPLIST_KEY_UISupportedInterfaceOrientations_iPhone = "UIInterfaceOrientationPortrait UIInterfaceOrientationLandscapeLeft UIInterfaceOrientationLandscapeRight";
				LD_RUNPATH_SEARCH_PATHS = (
					"$(inherited)",
					"@executable_path/Frameworks",
				);
				MARKETING_VERSION = 1.0;
				PRODUCT_BUNDLE_IDENTIFIER = eu.pulsarmedian.ThreeOfUs;
				PRODUCT_NAME = "$(TARGET_NAME)";
				SWIFT_EMIT_LOC_STRINGS = YES;
				SWIFT_VERSION = 5.0;
				TARGETED_DEVICE_FAMILY = "1,2";
			};
			name = Release;
		};
/* End XCBuildConfiguration section */

/* Begin XCConfigurationList section */
		0EFEE74427F3226D004A4639 /* Build configuration list for PBXProject "ThreeOfUs" */ = {
			isa = XCConfigurationList;
			buildConfigurations = (
				0EFEE75A27F3226F004A4639 /* Debug */,
				0EFEE75B27F3226F004A4639 /* Release */,
			);
			defaultConfigurationIsVisible = 0;
			defaultConfigurationName = Release;
		};
		0EFEE75C27F3226F004A4639 /* Build configuration list for PBXNativeTarget "ThreeOfUs" */ = {
			isa = XCConfigurationList;
			buildConfigurations = (
				0EFEE75D27F3226F004A4639 /* Debug */,
				0EFEE75E27F3226F004A4639 /* Release */,
			);
			defaultConfigurationIsVisible = 0;
			defaultConfigurationName = Release;
		};
/* End XCConfigurationList section */

/* Begin XCVersionGroup section */
		0EFEE75727F3226F004A4639 /* ThreeOfUs.xcdatamodeld */ = {
			isa = XCVersionGroup;
			children = (
				0EFEE75827F3226F004A4639 /* ThreeOfUs.xcdatamodel */,
			);
			currentVersion = 0EFEE75827F3226F004A4639 /* ThreeOfUs.xcdatamodel */;
			path = ThreeOfUs.xcdatamodeld;
			sourceTree = "<group>";
			versionGroupType = wrapper.xcdatamodel;
		};
/* End XCVersionGroup section */
	};
	rootObject = 0EFEE74127F3226D004A4639 /* Project object */;
}
